
Microsoft Visual Studio Solution File, Format Version 12.00
# Visual Studio 15
VisualStudioVersion = 15.0.26124.0
MinimumVisualStudioVersion = 15.0.26124.0
Project("{FAE04EC0-301F-11D3-BF4B-00C04F79EFBC}") = "GradingStudents.Answer", "GradingStudents.Answer\GradingStudents.Answer.csproj", "{9AEBF3AE-7306-423B-B7F5-D6E98F37A07D}"
EndProject
Project("{FAE04EC0-301F-11D3-BF4B-00C04F79EFBC}") = "GradingStudents.Test", "GradingStudents.Test\GradingStudents.Test.csproj", "{B132690C-EE69-468C-9F7F-30D9E77CDB6D}"
EndProject
Global
	GlobalSection(SolutionConfigurationPlatforms) = preSolution
		Debug|Any CPU = Debug|Any CPU
		Debug|x64 = Debug|x64
		Debug|x86 = Debug|x86
		Release|Any CPU = Release|Any CPU
		Release|x64 = Release|x64
		Release|x86 = Release|x86
	EndGlobalSection
	GlobalSection(SolutionProperties) = preSolution
		HideSolutionNode = FALSE
	EndGlobalSection
	GlobalSection(ProjectConfigurationPlatforms) = postSolution
		{9AEBF3AE-7306-423B-B7F5-D6E98F37A07D}.Debug|Any CPU.ActiveCfg = Debug|Any CPU
		{9AEBF3AE-7306-423B-B7F5-D6E98F37A07D}.Debug|Any CPU.Build.0 = Debug|Any CPU
		{9AEBF3AE-7306-423B-B7F5-D6E98F37A07D}.Debug|x64.ActiveCfg = Debug|Any CPU
		{9AEBF3AE-7306-423B-B7F5-D6E98F37A07D}.Debug|x64.Build.0 = Debug|Any CPU
		{9AEBF3AE-7306-423B-B7F5-D6E98F37A07D}.Debug|x86.ActiveCfg = Debug|Any CPU
		{9AEBF3AE-7306-423B-B7F5-D6E98F37A07D}.Debug|x86.Build.0 = Debug|Any CPU
		{9AEBF3AE-7306-423B-B7F5-D6E98F37A07D}.Release|Any CPU.ActiveCfg = Release|Any CPU
		{9AEBF3AE-7306-423B-B7F5-D6E98F37A07D}.Release|Any CPU.Build.0 = Release|Any CPU
		{9AEBF3AE-7306-423B-B7F5-D6E98F37A07D}.Release|x64.ActiveCfg = Release|Any CPU
		{9AEBF3AE-7306-423B-B7F5-D6E98F37A07D}.Release|x64.Build.0 = Release|Any CPU
		{9AEBF3AE-7306-423B-B7F5-D6E98F37A07D}.Release|x86.ActiveCfg = Release|Any CPU
		{9AEBF3AE-7306-423B-B7F5-D6E98F37A07D}.Release|x86.Build.0 = Release|Any CPU
		{B132690C-EE69-468C-9F7F-30D9E77CDB6D}.Debug|Any CPU.ActiveCfg = Debug|Any CPU
		{B132690C-EE69-468C-9F7F-30D9E77CDB6D}.Debug|Any CPU.Build.0 = Debug|Any CPU
		{B132690C-EE69-468C-9F7F-30D9E77CDB6D}.Debug|x64.ActiveCfg = Debug|Any CPU
		{B132690C-EE69-468C-9F7F-30D9E77CDB6D}.Debug|x64.Build.0 = Debug|Any CPU
		{B132690C-EE69-468C-9F7F-30D9E77CDB6D}.Debug|x86.ActiveCfg = Debug|Any CPU
		{B132690C-EE69-468C-9F7F-30D9E77CDB6D}.Debug|x86.Build.0 = Debug|Any CPU
		{B132690C-EE69-468C-9F7F-30D9E77CDB6D}.Release|Any CPU.ActiveCfg = Release|Any CPU
		{B132690C-EE69-468C-9F7F-30D9E77CDB6D}.Release|Any CPU.Build.0 = Release|Any CPU
		{B132690C-EE69-468C-9F7F-30D9E77CDB6D}.Release|x64.ActiveCfg = Release|Any CPU
		{B132690C-EE69-468C-9F7F-30D9E77CDB6D}.Release|x64.Build.0 = Release|Any CPU
		{B132690C-EE69-468C-9F7F-30D9E77CDB6D}.Release|x86.ActiveCfg = Release|Any CPU
		{B132690C-EE69-468C-9F7F-30D9E77CDB6D}.Release|x86.Build.0 = Release|Any CPU
	EndGlobalSection
EndGlobal
