
Microsoft Visual Studio Solution File, Format Version 12.00
# Visual Studio 15
VisualStudioVersion = 15.0.26124.0
MinimumVisualStudioVersion = 15.0.26124.0
Project("{FAE04EC0-301F-11D3-BF4B-00C04F79EFBC}") = "ClimbingTheLeaderBoard.Answer", "ClimbingTheLeaderBoard.Answer\ClimbingTheLeaderBoard.Answer.csproj", "{A367D4BE-3EA0-4690-A0C5-976D288C838B}"
EndProject
Project("{FAE04EC0-301F-11D3-BF4B-00C04F79EFBC}") = "ClimbingTheLeaderBoard.Test", "ClimbingTheLeaderBoard.Test\ClimbingTheLeaderBoard.Test.csproj", "{5B22E7A9-4D47-44B1-B346-3C79A0382476}"
EndProject
Global
	GlobalSection(SolutionConfigurationPlatforms) = preSolution
		Debug|Any CPU = Debug|Any CPU
		Debug|x64 = Debug|x64
		Debug|x86 = Debug|x86
		Release|Any CPU = Release|Any CPU
		Release|x64 = Release|x64
		Release|x86 = Release|x86
	EndGlobalSection
	GlobalSection(SolutionProperties) = preSolution
		HideSolutionNode = FALSE
	EndGlobalSection
	GlobalSection(ProjectConfigurationPlatforms) = postSolution
		{A367D4BE-3EA0-4690-A0C5-976D288C838B}.Debug|Any CPU.ActiveCfg = Debug|Any CPU
		{A367D4BE-3EA0-4690-A0C5-976D288C838B}.Debug|Any CPU.Build.0 = Debug|Any CPU
		{A367D4BE-3EA0-4690-A0C5-976D288C838B}.Debug|x64.ActiveCfg = Debug|Any CPU
		{A367D4BE-3EA0-4690-A0C5-976D288C838B}.Debug|x64.Build.0 = Debug|Any CPU
		{A367D4BE-3EA0-4690-A0C5-976D288C838B}.Debug|x86.ActiveCfg = Debug|Any CPU
		{A367D4BE-3EA0-4690-A0C5-976D288C838B}.Debug|x86.Build.0 = Debug|Any CPU
		{A367D4BE-3EA0-4690-A0C5-976D288C838B}.Release|Any CPU.ActiveCfg = Release|Any CPU
		{A367D4BE-3EA0-4690-A0C5-976D288C838B}.Release|Any CPU.Build.0 = Release|Any CPU
		{A367D4BE-3EA0-4690-A0C5-976D288C838B}.Release|x64.ActiveCfg = Release|Any CPU
		{A367D4BE-3EA0-4690-A0C5-976D288C838B}.Release|x64.Build.0 = Release|Any CPU
		{A367D4BE-3EA0-4690-A0C5-976D288C838B}.Release|x86.ActiveCfg = Release|Any CPU
		{A367D4BE-3EA0-4690-A0C5-976D288C838B}.Release|x86.Build.0 = Release|Any CPU
		{5B22E7A9-4D47-44B1-B346-3C79A0382476}.Debug|Any CPU.ActiveCfg = Debug|Any CPU
		{5B22E7A9-4D47-44B1-B346-3C79A0382476}.Debug|Any CPU.Build.0 = Debug|Any CPU
		{5B22E7A9-4D47-44B1-B346-3C79A0382476}.Debug|x64.ActiveCfg = Debug|Any CPU
		{5B22E7A9-4D47-44B1-B346-3C79A0382476}.Debug|x64.Build.0 = Debug|Any CPU
		{5B22E7A9-4D47-44B1-B346-3C79A0382476}.Debug|x86.ActiveCfg = Debug|Any CPU
		{5B22E7A9-4D47-44B1-B346-3C79A0382476}.Debug|x86.Build.0 = Debug|Any CPU
		{5B22E7A9-4D47-44B1-B346-3C79A0382476}.Release|Any CPU.ActiveCfg = Release|Any CPU
		{5B22E7A9-4D47-44B1-B346-3C79A0382476}.Release|Any CPU.Build.0 = Release|Any CPU
		{5B22E7A9-4D47-44B1-B346-3C79A0382476}.Release|x64.ActiveCfg = Release|Any CPU
		{5B22E7A9-4D47-44B1-B346-3C79A0382476}.Release|x64.Build.0 = Release|Any CPU
		{5B22E7A9-4D47-44B1-B346-3C79A0382476}.Release|x86.ActiveCfg = Release|Any CPU
		{5B22E7A9-4D47-44B1-B346-3C79A0382476}.Release|x86.Build.0 = Release|Any CPU
	EndGlobalSection
EndGlobal
